# This file is autogenerated, do not edit; changes may be undone by the next 'dep ensure'.


[[projects]]
  branch = "master"
  name = "github.com/tamalsaha/go-a"
  packages = ["lib"]
  revision = "99ca87d7175712216205e2f7f11ef9e95d76ccd8"
  source = "github.com/tamalsaha/go-b"

[solve-meta]
  analyzer-name = "dep"
  analyzer-version = 1
  inputs-digest = "bb4822f77415199d29d5206b8b68fd2d5bf461949bae689c80c2c1d519fa0aa5"
  solver-name = "gps-cdcl"
  solver-version = 1
